// !$*UTF8*$!
{
	archiveVersion = 1;
	classes = {
	};
	objectVersion = 50;
	objects = {

/* Begin PBXBuildFile section */
		CC017BC42211DFB00036ADAC /* AppDelegate.swift in Sources */ = {isa = PBXBuildFile; fileRef = CC017BC32211DFB00036ADAC /* AppDelegate.swift */; };
		CC017BC62211DFB00036ADAC /* HomeViewController.swift in Sources */ = {isa = PBXBuildFile; fileRef = CC017BC52211DFB00036ADAC /* HomeViewController.swift */; };
		CC017BC92211DFB00036ADAC /* Main.storyboard in Resources */ = {isa = PBXBuildFile; fileRef = CC017BC72211DFB00036ADAC /* Main.storyboard */; };
		CC017BCB2211DFB10036ADAC /* Assets.xcassets in Resources */ = {isa = PBXBuildFile; fileRef = CC017BCA2211DFB10036ADAC /* Assets.xcassets */; };
		CC017BCE2211DFB10036ADAC /* LaunchScreen.storyboard in Resources */ = {isa = PBXBuildFile; fileRef = CC017BCC2211DFB10036ADAC /* LaunchScreen.storyboard */; };
		CC017BDA2211E4240036ADAC /* Model.xcdatamodeld in Sources */ = {isa = PBXBuildFile; fileRef = CC017BD82211E4240036ADAC /* Model.xcdatamodeld */; };
		CC017BDC2211E4390036ADAC /* CoreDataStack.swift in Sources */ = {isa = PBXBuildFile; fileRef = CC017BDB2211E4390036ADAC /* CoreDataStack.swift */; };
/* End PBXBuildFile section */

/* Begin PBXFileReference section */
		CC017BC02211DFB00036ADAC /* Eventor.app */ = {isa = PBXFileReference; explicitFileType = wrapper.application; includeInIndex = 0; path = Eventor.app; sourceTree = BUILT_PRODUCTS_DIR; };
		CC017BC32211DFB00036ADAC /* AppDelegate.swift */ = {isa = PBXFileReference; lastKnownFileType = sourcecode.swift; path = AppDelegate.swift; sourceTree = "<group>"; };
		CC017BC52211DFB00036ADAC /* HomeViewController.swift */ = {isa = PBXFileReference; lastKnownFileType = sourcecode.swift; path = HomeViewController.swift; sourceTree = "<group>"; };
		CC017BC82211DFB00036ADAC /* Base */ = {isa = PBXFileReference; lastKnownFileType = file.storyboard; name = Base; path = Base.lproj/Main.storyboard; sourceTree = "<group>"; };
		CC017BCA2211DFB10036ADAC /* Assets.xcassets */ = {isa = PBXFileReference; lastKnownFileType = folder.assetcatalog; path = Assets.xcassets; sourceTree = "<group>"; };
		CC017BCD2211DFB10036ADAC /* Base */ = {isa = PBXFileReference; lastKnownFileType = file.storyboard; name = Base; path = Base.lproj/LaunchScreen.storyboard; sourceTree = "<group>"; };
		CC017BCF2211DFB10036ADAC /* Info.plist */ = {isa = PBXFileReference; lastKnownFileType = text.plist.xml; path = Info.plist; sourceTree = "<group>"; };
		CC017BD92211E4240036ADAC /* Model.xcdatamodel */ = {isa = PBXFileReference; lastKnownFileType = wrapper.xcdatamodel; path = Model.xcdatamodel; sourceTree = "<group>"; };
		CC017BDB2211E4390036ADAC /* CoreDataStack.swift */ = {isa = PBXFileReference; lastKnownFileType = sourcecode.swift; path = CoreDataStack.swift; sourceTree = "<group>"; };
/* End PBXFileReference section */

/* Begin PBXFrameworksBuildPhase section */
		CC017BBD2211DFB00036ADAC /* Frameworks */ = {
			isa = PBXFrameworksBuildPhase;
			buildActionMask = 2147483647;
			files = (
			);
			runOnlyForDeploymentPostprocessing = 0;
		};
/* End PBXFrameworksBuildPhase section */

/* Begin PBXGroup section */
		CC017BB72211DFB00036ADAC = {
			isa = PBXGroup;
			children = (
				CC017BC22211DFB00036ADAC /* Eventor */,
				CC017BC12211DFB00036ADAC /* Products */,
			);
			sourceTree = "<group>";
		};
		CC017BC12211DFB00036ADAC /* Products */ = {
			isa = PBXGroup;
			children = (
				CC017BC02211DFB00036ADAC /* Eventor.app */,
			);
			name = Products;
			sourceTree = "<group>";
		};
		CC017BC22211DFB00036ADAC /* Eventor */ = {
			isa = PBXGroup;
			children = (
				CC017BD72211E3CB0036ADAC /* Views and Assets */,
				CC017BD62211E3BF0036ADAC /* Models */,
				CC017BD52211E3A10036ADAC /* Controllers */,
				CC017BC32211DFB00036ADAC /* AppDelegate.swift */,
				CC017BCF2211DFB10036ADAC /* Info.plist */,
				CC017BDB2211E4390036ADAC /* CoreDataStack.swift */,
			);
			path = Eventor;
			sourceTree = "<group>";
		};
		CC017BD52211E3A10036ADAC /* Controllers */ = {
			isa = PBXGroup;
			children = (
				CC017BC52211DFB00036ADAC /* HomeViewController.swift */,
			);
			path = Controllers;
			sourceTree = "<group>";
		};
		CC017BD62211E3BF0036ADAC /* Models */ = {
			isa = PBXGroup;
			children = (
				CC017BD82211E4240036ADAC /* Model.xcdatamodeld */,
			);
			path = Models;
			sourceTree = "<group>";
		};
		CC017BD72211E3CB0036ADAC /* Views and Assets */ = {
			isa = PBXGroup;
			children = (
				CC017BC72211DFB00036ADAC /* Main.storyboard */,
				CC017BCC2211DFB10036ADAC /* LaunchScreen.storyboard */,
				CC017BCA2211DFB10036ADAC /* Assets.xcassets */,
			);
			path = "Views and Assets";
			sourceTree = "<group>";
		};
/* End PBXGroup section */

/* Begin PBXNativeTarget section */
		CC017BBF2211DFB00036ADAC /* Eventor */ = {
			isa = PBXNativeTarget;
			buildConfigurationList = CC017BD22211DFB10036ADAC /* Build configuration list for PBXNativeTarget "Eventor" */;
			buildPhases = (
				CC017BBC2211DFB00036ADAC /* Sources */,
				CC017BBD2211DFB00036ADAC /* Frameworks */,
				CC017BBE2211DFB00036ADAC /* Resources */,
			);
			buildRules = (
			);
			dependencies = (
			);
			name = Eventor;
			productName = BoredBeGone;
			productReference = CC017BC02211DFB00036ADAC /* Eventor.app */;
			productType = "com.apple.product-type.application";
		};
/* End PBXNativeTarget section */

/* Begin PBXProject section */
		CC017BB82211DFB00036ADAC /* Project object */ = {
			isa = PBXProject;
			attributes = {
				LastSwiftUpdateCheck = 1010;
				LastUpgradeCheck = 1010;
				ORGANIZATIONNAME = "Justin Snider";
				TargetAttributes = {
					CC017BBF2211DFB00036ADAC = {
						CreatedOnToolsVersion = 10.1;
					};
				};
			};
			buildConfigurationList = CC017BBB2211DFB00036ADAC /* Build configuration list for PBXProject "Eventor" */;
			compatibilityVersion = "Xcode 9.3";
			developmentRegion = en;
			hasScannedForEncodings = 0;
			knownRegions = (
				en,
				Base,
			);
			mainGroup = CC017BB72211DFB00036ADAC;
			productRefGroup = CC017BC12211DFB00036ADAC /* Products */;
			projectDirPath = "";
			projectRoot = "";
			targets = (
				CC017BBF2211DFB00036ADAC /* Eventor */,
			);
		};
/* End PBXProject section */

/* Begin PBXResourcesBuildPhase section */
		CC017BBE2211DFB00036ADAC /* Resources */ = {
			isa = PBXResourcesBuildPhase;
			buildActionMask = 2147483647;
			files = (
				CC017BCE2211DFB10036ADAC /* LaunchScreen.storyboard in Resources */,
				CC017BCB2211DFB10036ADAC /* Assets.xcassets in Resources */,
				CC017BC92211DFB00036ADAC /* Main.storyboard in Resources */,
			);
			runOnlyForDeploymentPostprocessing = 0;
		};
/* End PBXResourcesBuildPhase section */

/* Begin PBXSourcesBuildPhase section */
		CC017BBC2211DFB00036ADAC /* Sources */ = {
			isa = PBXSourcesBuildPhase;
			buildActionMask = 2147483647;
			files = (
				CC017BDC2211E4390036ADAC /* CoreDataStack.swift in Sources */,
				CC017BC62211DFB00036ADAC /* HomeViewController.swift in Sources */,
				CC017BC42211DFB00036ADAC /* AppDelegate.swift in Sources */,
				CC017BDA2211E4240036ADAC /* Model.xcdatamodeld in Sources */,
			);
			runOnlyForDeploymentPostprocessing = 0;
		};
/* End PBXSourcesBuildPhase section */

/* Begin PBXVariantGroup section */
		CC017BC72211DFB00036ADAC /* Main.storyboard */ = {
			isa = PBXVariantGroup;
			children = (
				CC017BC82211DFB00036ADAC /* Base */,
			);
			name = Main.storyboard;
			sourceTree = "<group>";
		};
		CC017BCC2211DFB10036ADAC /* LaunchScreen.storyboard */ = {
			isa = PBXVariantGroup;
			children = (
				CC017BCD2211DFB10036ADAC /* Base */,
			);
			name = LaunchScreen.storyboard;
			sourceTree = "<group>";
		};
/* End PBXVariantGroup section */

/* Begin XCBuildConfiguration section */
		CC017BD02211DFB10036ADAC /* Debug */ = {
			isa = XCBuildConfiguration;
			buildSettings = {
				ALWAYS_SEARCH_USER_PATHS = NO;
				CLANG_ANALYZER_NONNULL = YES;
				CLANG_ANALYZER_NUMBER_OBJECT_CONVERSION = YES_AGGRESSIVE;
				CLANG_CXX_LANGUAGE_STANDARD = "gnu++14";
				CLANG_CXX_LIBRARY = "libc++";
				CLANG_ENABLE_MODULES = YES;
				CLANG_ENABLE_OBJC_ARC = YES;
				CLANG_ENABLE_OBJC_WEAK = YES;
				CLANG_WARN_BLOCK_CAPTURE_AUTORELEASING = YES;
				CLANG_WARN_BOOL_CONVERSION = YES;
				CLANG_WARN_COMMA = YES;
				CLANG_WARN_CONSTANT_CONVERSION = YES;
				CLANG_WARN_DEPRECATED_OBJC_IMPLEMENTATIONS = YES;
				CLANG_WARN_DIRECT_OBJC_ISA_USAGE = YES_ERROR;
				CLANG_WARN_DOCUMENTATION_COMMENTS = YES;
				CLANG_WARN_EMPTY_BODY = YES;
				CLANG_WARN_ENUM_CONVERSION = YES;
				CLANG_WARN_INFINITE_RECURSION = YES;
				CLANG_WARN_INT_CONVERSION = YES;
				CLANG_WARN_NON_LITERAL_NULL_CONVERSION = YES;
				CLANG_WARN_OBJC_IMPLICIT_RETAIN_SELF = YES;
				CLANG_WARN_OBJC_LITERAL_CONVERSION = YES;
				CLANG_WARN_OBJC_ROOT_CLASS = YES_ERROR;
				CLANG_WARN_RANGE_LOOP_ANALYSIS = YES;
				CLANG_WARN_STRICT_PROTOTYPES = YES;
				CLANG_WARN_SUSPICIOUS_MOVE = YES;
				CLANG_WARN_UNGUARDED_AVAILABILITY = YES_AGGRESSIVE;
				CLANG_WARN_UNREACHABLE_CODE = YES;
				CLANG_WARN__DUPLICATE_METHOD_MATCH = YES;
				CODE_SIGN_IDENTITY = "iPhone Developer";
				COPY_PHASE_STRIP = NO;
				DEBUG_INFORMATION_FORMAT = dwarf;
				ENABLE_STRICT_OBJC_MSGSEND = YES;
				ENABLE_TESTABILITY = YES;
				GCC_C_LANGUAGE_STANDARD = gnu11;
				GCC_DYNAMIC_NO_PIC = NO;
				GCC_NO_COMMON_BLOCKS = YES;
				GCC_OPTIMIZATION_LEVEL = 0;
				GCC_PREPROCESSOR_DEFINITIONS = (
					"DEBUG=1",
					"$(inherited)",
				);
				GCC_WARN_64_TO_32_BIT_CONVERSION = YES;
				GCC_WARN_ABOUT_RETURN_TYPE = YES_ERROR;
				GCC_WARN_UNDECLARED_SELECTOR = YES;
				GCC_WARN_UNINITIALIZED_AUTOS = YES_AGGRESSIVE;
				GCC_WARN_UNUSED_FUNCTION = YES;
				GCC_WARN_UNUSED_VARIABLE = YES;
				IPHONEOS_DEPLOYMENT_TARGET = 12.1;
				MTL_ENABLE_DEBUG_INFO = INCLUDE_SOURCE;
				MTL_FAST_MATH = YES;
				ONLY_ACTIVE_ARCH = YES;
				SDKROOT = iphoneos;
				SWIFT_ACTIVE_COMPILATION_CONDITIONS = DEBUG;
				SWIFT_OPTIMIZATION_LEVEL = "-Onone";
			};
			name = Debug;
		};
		CC017BD12211DFB10036ADAC /* Release */ = {
			isa = XCBuildConfiguration;
			buildSettings = {
				ALWAYS_SEARCH_USER_PATHS = NO;
				CLANG_ANALYZER_NONNULL = YES;
				CLANG_ANALYZER_NUMBER_OBJECT_CONVERSION = YES_AGGRESSIVE;
				CLANG_CXX_LANGUAGE_STANDARD = "gnu++14";
				CLANG_CXX_LIBRARY = "libc++";
				CLANG_ENABLE_MODULES = YES;
				CLANG_ENABLE_OBJC_ARC = YES;
				CLANG_ENABLE_OBJC_WEAK = YES;
				CLANG_WARN_BLOCK_CAPTURE_AUTORELEASING = YES;
				CLANG_WARN_BOOL_CONVERSION = YES;
				CLANG_WARN_COMMA = YES;
				CLANG_WARN_CONSTANT_CONVERSION = YES;
				CLANG_WARN_DEPRECATED_OBJC_IMPLEMENTATIONS = YES;
				CLANG_WARN_DIRECT_OBJC_ISA_USAGE = YES_ERROR;
				CLANG_WARN_DOCUMENTATION_COMMENTS = YES;
				CLANG_WARN_EMPTY_BODY = YES;
				CLANG_WARN_ENUM_CONVERSION = YES;
				CLANG_WARN_INFINITE_RECURSION = YES;
				CLANG_WARN_INT_CONVERSION = YES;
				CLANG_WARN_NON_LITERAL_NULL_CONVERSION = YES;
				CLANG_WARN_OBJC_IMPLICIT_RETAIN_SELF = YES;
				CLANG_WARN_OBJC_LITERAL_CONVERSION = YES;
				CLANG_WARN_OBJC_ROOT_CLASS = YES_ERROR;
				CLANG_WARN_RANGE_LOOP_ANALYSIS = YES;
				CLANG_WARN_STRICT_PROTOTYPES = YES;
				CLANG_WARN_SUSPICIOUS_MOVE = YES;
				CLANG_WARN_UNGUARDED_AVAILABILITY = YES_AGGRESSIVE;
				CLANG_WARN_UNREACHABLE_CODE = YES;
				CLANG_WARN__DUPLICATE_METHOD_MATCH = YES;
				CODE_SIGN_IDENTITY = "iPhone Developer";
				COPY_PHASE_STRIP = NO;
				DEBUG_INFORMATION_FORMAT = "dwarf-with-dsym";
				ENABLE_NS_ASSERTIONS = NO;
				ENABLE_STRICT_OBJC_MSGSEND = YES;
				GCC_C_LANGUAGE_STANDARD = gnu11;
				GCC_NO_COMMON_BLOCKS = YES;
				GCC_WARN_64_TO_32_BIT_CONVERSION = YES;
				GCC_WARN_ABOUT_RETURN_TYPE = YES_ERROR;
				GCC_WARN_UNDECLARED_SELECTOR = YES;
				GCC_WARN_UNINITIALIZED_AUTOS = YES_AGGRESSIVE;
				GCC_WARN_UNUSED_FUNCTION = YES;
				GCC_WARN_UNUSED_VARIABLE = YES;
				IPHONEOS_DEPLOYMENT_TARGET = 12.1;
				MTL_ENABLE_DEBUG_INFO = NO;
				MTL_FAST_MATH = YES;
				SDKROOT = iphoneos;
				SWIFT_COMPILATION_MODE = wholemodule;
				SWIFT_OPTIMIZATION_LEVEL = "-O";
				VALIDATE_PRODUCT = YES;
			};
			name = Release;
		};
		CC017BD32211DFB10036ADAC /* Debug */ = {
			isa = XCBuildConfiguration;
			buildSettings = {
				ASSETCATALOG_COMPILER_APPICON_NAME = AppIcon;
				CODE_SIGN_STYLE = Automatic;
				INFOPLIST_FILE = "$(SRCROOT)/Eventor/Info.plist";
				LD_RUNPATH_SEARCH_PATHS = (
					"$(inherited)",
					"@executable_path/Frameworks",
				);
				PRODUCT_BUNDLE_IDENTIFIER = com.example.Eventor;
				PRODUCT_NAME = "$(TARGET_NAME)";
				SWIFT_VERSION = 4.2;
				TARGETED_DEVICE_FAMILY = "1,2";
			};
			name = Debug;
		};
		CC017BD42211DFB10036ADAC /* Release */ = {
			isa = XCBuildConfiguration;
			buildSettings = {
				ASSETCATALOG_COMPILER_APPICON_NAME = AppIcon;
				CODE_SIGN_STYLE = Automatic;
				INFOPLIST_FILE = "$(SRCROOT)/Eventor/Info.plist";
				LD_RUNPATH_SEARCH_PATHS = (
					"$(inherited)",
					"@executable_path/Frameworks",
				);
				PRODUCT_BUNDLE_IDENTIFIER = com.example.Eventor;
				PRODUCT_NAME = "$(TARGET_NAME)";
				SWIFT_VERSION = 4.2;
				TARGETED_DEVICE_FAMILY = "1,2";
			};
			name = Release;
		};
/* End XCBuildConfiguration section */

/* Begin XCConfigurationList section */
		CC017BBB2211DFB00036ADAC /* Build configuration list for PBXProject "Eventor" */ = {
			isa = XCConfigurationList;
			buildConfigurations = (
				CC017BD02211DFB10036ADAC /* Debug */,
				CC017BD12211DFB10036ADAC /* Release */,
			);
			defaultConfigurationIsVisible = 0;
			defaultConfigurationName = Release;
		};
		CC017BD22211DFB10036ADAC /* Build configuration list for PBXNativeTarget "Eventor" */ = {
			isa = XCConfigurationList;
			buildConfigurations = (
				CC017BD32211DFB10036ADAC /* Debug */,
				CC017BD42211DFB10036ADAC /* Release */,
			);
			defaultConfigurationIsVisible = 0;
			defaultConfigurationName = Release;
		};
/* End XCConfigurationList section */

/* Begin XCVersionGroup section */
		CC017BD82211E4240036ADAC /* Model.xcdatamodeld */ = {
			isa = XCVersionGroup;
			children = (
				CC017BD92211E4240036ADAC /* Model.xcdatamodel */,
			);
			currentVersion = CC017BD92211E4240036ADAC /* Model.xcdatamodel */;
			path = Model.xcdatamodeld;
			sourceTree = "<group>";
			versionGroupType = wrapper.xcdatamodel;
		};
/* End XCVersionGroup section */
	};
	rootObject = CC017BB82211DFB00036ADAC /* Project object */;
}
